
Microsoft Visual Studio Solution File, Format Version 12.00
# Visual Studio Version 17
VisualStudioVersion = 17.7.34031.279
MinimumVisualStudioVersion = 10.0.40219.1
Project("{9A19103F-16F7-4668-BE54-9A1E7A4F7556}") = "ClienteService", "ClienteService\ClienteService.csproj", "{45670B62-EA32-47FF-9A04-1EAE5C5E3751}"
EndProject
Project("{9A19103F-16F7-4668-BE54-9A1E7A4F7556}") = "EnderecoService", "EnderecoService\EnderecoService.csproj", "{CA55C1D6-0C28-44A5-9EAC-42EF902C347B}"
EndProject
Project("{2150E333-8FDC-42A3-9474-1A3956D46DE8}") = "Endereco", "Endereco", "{BDF136EA-2117-4093-8475-439FDFE41BD0}"
EndProject
Project("{FAE04EC0-301F-11D3-BF4B-00C04F79EFBC}") = "EnderecoService.Tests", "EnderecoService.Tests\EnderecoService.Tests.csproj", "{E21CD1A3-9B66-4478-99C4-B2C40F6DE9B3}"
EndProject
Project("{2150E333-8FDC-42A3-9474-1A3956D46DE8}") = "Cliente", "Cliente", "{4E1F3EF1-3C22-44E3-AF8F-20BEF8443209}"
EndProject
Project("{FAE04EC0-301F-11D3-BF4B-00C04F79EFBC}") = "ClienteService.Tests", "ClienteService.Tests\ClienteService.Tests.csproj", "{C2F08B0C-8785-4804-BAC8-D538FC30FD06}"
EndProject
Project("{FAE04EC0-301F-11D3-BF4B-00C04F79EFBC}") = "LoremIpsumLogistica.Api.Gateway", "LoremIpsumLogistica.Api.Gateway\LoremIpsumLogistica.Api.Gateway.csproj", "{5FF0F15D-9A05-4A5E-A465-83F046472EED}"
EndProject
Global
	GlobalSection(SolutionConfigurationPlatforms) = preSolution
		Debug|Any CPU = Debug|Any CPU
		Release|Any CPU = Release|Any CPU
	EndGlobalSection
	GlobalSection(ProjectConfigurationPlatforms) = postSolution
		{45670B62-EA32-47FF-9A04-1EAE5C5E3751}.Debug|Any CPU.ActiveCfg = Debug|Any CPU
		{45670B62-EA32-47FF-9A04-1EAE5C5E3751}.Debug|Any CPU.Build.0 = Debug|Any CPU
		{45670B62-EA32-47FF-9A04-1EAE5C5E3751}.Release|Any CPU.ActiveCfg = Release|Any CPU
		{45670B62-EA32-47FF-9A04-1EAE5C5E3751}.Release|Any CPU.Build.0 = Release|Any CPU
		{CA55C1D6-0C28-44A5-9EAC-42EF902C347B}.Debug|Any CPU.ActiveCfg = Debug|Any CPU
		{CA55C1D6-0C28-44A5-9EAC-42EF902C347B}.Debug|Any CPU.Build.0 = Debug|Any CPU
		{CA55C1D6-0C28-44A5-9EAC-42EF902C347B}.Release|Any CPU.ActiveCfg = Release|Any CPU
		{CA55C1D6-0C28-44A5-9EAC-42EF902C347B}.Release|Any CPU.Build.0 = Release|Any CPU
		{E21CD1A3-9B66-4478-99C4-B2C40F6DE9B3}.Debug|Any CPU.ActiveCfg = Debug|Any CPU
		{E21CD1A3-9B66-4478-99C4-B2C40F6DE9B3}.Debug|Any CPU.Build.0 = Debug|Any CPU
		{E21CD1A3-9B66-4478-99C4-B2C40F6DE9B3}.Release|Any CPU.ActiveCfg = Release|Any CPU
		{E21CD1A3-9B66-4478-99C4-B2C40F6DE9B3}.Release|Any CPU.Build.0 = Release|Any CPU
		{C2F08B0C-8785-4804-BAC8-D538FC30FD06}.Debug|Any CPU.ActiveCfg = Debug|Any CPU
		{C2F08B0C-8785-4804-BAC8-D538FC30FD06}.Debug|Any CPU.Build.0 = Debug|Any CPU
		{C2F08B0C-8785-4804-BAC8-D538FC30FD06}.Release|Any CPU.ActiveCfg = Release|Any CPU
		{C2F08B0C-8785-4804-BAC8-D538FC30FD06}.Release|Any CPU.Build.0 = Release|Any CPU
		{5FF0F15D-9A05-4A5E-A465-83F046472EED}.Debug|Any CPU.ActiveCfg = Debug|Any CPU
		{5FF0F15D-9A05-4A5E-A465-83F046472EED}.Debug|Any CPU.Build.0 = Debug|Any CPU
		{5FF0F15D-9A05-4A5E-A465-83F046472EED}.Release|Any CPU.ActiveCfg = Release|Any CPU
		{5FF0F15D-9A05-4A5E-A465-83F046472EED}.Release|Any CPU.Build.0 = Release|Any CPU
	EndGlobalSection
	GlobalSection(SolutionProperties) = preSolution
		HideSolutionNode = FALSE
	EndGlobalSection
	GlobalSection(NestedProjects) = preSolution
		{45670B62-EA32-47FF-9A04-1EAE5C5E3751} = {4E1F3EF1-3C22-44E3-AF8F-20BEF8443209}
		{CA55C1D6-0C28-44A5-9EAC-42EF902C347B} = {BDF136EA-2117-4093-8475-439FDFE41BD0}
		{E21CD1A3-9B66-4478-99C4-B2C40F6DE9B3} = {BDF136EA-2117-4093-8475-439FDFE41BD0}
		{C2F08B0C-8785-4804-BAC8-D538FC30FD06} = {4E1F3EF1-3C22-44E3-AF8F-20BEF8443209}
	EndGlobalSection
	GlobalSection(ExtensibilityGlobals) = postSolution
		SolutionGuid = {43BC3FD9-87F9-4B80-959F-09FC20616906}
	EndGlobalSection
EndGlobal
